
Microsoft Visual Studio Solution File, Format Version 12.00
# Visual Studio 15
VisualStudioVersion = 15.0.28307.489
MinimumVisualStudioVersion = 10.0.40219.1
Project("{8BC9CEB8-8B4A-11D0-8D11-00A0C91BC942}") = "Project1", "Project1\Project1.vcxproj", "{96E12EA7-EC21-4A60-AFCF-BF6BF1C2C37F}"
EndProject
Global
	GlobalSection(SolutionConfigurationPlatforms) = preSolution
		Debug|x64 = Debug|x64
		Debug|x86 = Debug|x86
		Release|x64 = Release|x64
		Release|x86 = Release|x86
	EndGlobalSection
	GlobalSection(ProjectConfigurationPlatforms) = postSolution
		{96E12EA7-EC21-4A60-AFCF-BF6BF1C2C37F}.Debug|x64.ActiveCfg = Debug|x64
		{96E12EA7-EC21-4A60-AFCF-BF6BF1C2C37F}.Debug|x64.Build.0 = Debug|x64
		{96E12EA7-EC21-4A60-AFCF-BF6BF1C2C37F}.Debug|x86.ActiveCfg = Debug|Win32
		{96E12EA7-EC21-4A60-AFCF-BF6BF1C2C37F}.Debug|x86.Build.0 = Debug|Win32
		{96E12EA7-EC21-4A60-AFCF-BF6BF1C2C37F}.Release|x64.ActiveCfg = Release|x64
		{96E12EA7-EC21-4A60-AFCF-BF6BF1C2C37F}.Release|x64.Build.0 = Release|x64
		{96E12EA7-EC21-4A60-AFCF-BF6BF1C2C37F}.Release|x86.ActiveCfg = Release|Win32
		{96E12EA7-EC21-4A60-AFCF-BF6BF1C2C37F}.Release|x86.Build.0 = Release|Win32
	EndGlobalSection
	GlobalSection(SolutionProperties) = preSolution
		HideSolutionNode = FALSE
	EndGlobalSection
	GlobalSection(ExtensibilityGlobals) = postSolution
		SolutionGuid = {99CC7C90-DD7E-4BAE-B656-ED86EE70096A}
	EndGlobalSection
EndGlobal
